
Microsoft Visual Studio Solution File, Format Version 10.00
# Visual Studio 2008
Project("{8BC9CEB8-8B4A-11D0-8D11-00A0C91BC942}") = "GNSSProcess", "GNSSProcess\GNSSProcess.vcproj", "{4DD95E52-C075-4CE3-B60E-EA6B4BE8C43B}"
	ProjectSection(ProjectDependencies) = postProject
		{FAF5700C-87E5-4677-9419-1ACE3F2023E0} = {FAF5700C-87E5-4677-9419-1ACE3F2023E0}
		{3655E73B-D989-4FBB-8A1B-F98F73ADE3B9} = {3655E73B-D989-4FBB-8A1B-F98F73ADE3B9}
		{F1B43FD8-0B20-4AE3-8DF6-CFE36795DB09} = {F1B43FD8-0B20-4AE3-8DF6-CFE36795DB09}
		{D3A584F8-08F0-45B5-B3FB-A9BB07C5102D} = {D3A584F8-08F0-45B5-B3FB-A9BB07C5102D}
	EndProjectSection
EndProject
Project("{8BC9CEB8-8B4A-11D0-8D11-00A0C91BC942}") = "BaseFunction", "BaseFunction\BaseFunction.vcproj", "{3655E73B-D989-4FBB-8A1B-F98F73ADE3B9}"
EndProject
Project("{8BC9CEB8-8B4A-11D0-8D11-00A0C91BC942}") = "Empheris", "Empheris\Empheris.vcproj", "{F1B43FD8-0B20-4AE3-8DF6-CFE36795DB09}"
	ProjectSection(ProjectDependencies) = postProject
		{3655E73B-D989-4FBB-8A1B-F98F73ADE3B9} = {3655E73B-D989-4FBB-8A1B-F98F73ADE3B9}
	EndProjectSection
EndProject
Project("{8BC9CEB8-8B4A-11D0-8D11-00A0C91BC942}") = "PreProcess", "PreProcess\PreProcess.vcproj", "{FAF5700C-87E5-4677-9419-1ACE3F2023E0}"
	ProjectSection(ProjectDependencies) = postProject
		{3655E73B-D989-4FBB-8A1B-F98F73ADE3B9} = {3655E73B-D989-4FBB-8A1B-F98F73ADE3B9}
	EndProjectSection
EndProject
Project("{8BC9CEB8-8B4A-11D0-8D11-00A0C91BC942}") = "pNetcontrol", "pNetcontrol\pNetcontrol.vcproj", "{0F0D0C6C-D83F-449D-9601-31EC3C75A4F6}"
	ProjectSection(ProjectDependencies) = postProject
		{FAF5700C-87E5-4677-9419-1ACE3F2023E0} = {FAF5700C-87E5-4677-9419-1ACE3F2023E0}
		{3655E73B-D989-4FBB-8A1B-F98F73ADE3B9} = {3655E73B-D989-4FBB-8A1B-F98F73ADE3B9}
		{4DD95E52-C075-4CE3-B60E-EA6B4BE8C43B} = {4DD95E52-C075-4CE3-B60E-EA6B4BE8C43B}
		{2E314873-BA58-4219-BC92-185AFAEF1CFB} = {2E314873-BA58-4219-BC92-185AFAEF1CFB}
		{F1B43FD8-0B20-4AE3-8DF6-CFE36795DB09} = {F1B43FD8-0B20-4AE3-8DF6-CFE36795DB09}
	EndProjectSection
EndProject
Project("{8BC9CEB8-8B4A-11D0-8D11-00A0C91BC942}") = "GNSSPosDos", "GNSSPosDos\GNSSPosDos.vcproj", "{EC271770-BAE4-482E-9920-BAF1F28584EB}"
	ProjectSection(ProjectDependencies) = postProject
		{3655E73B-D989-4FBB-8A1B-F98F73ADE3B9} = {3655E73B-D989-4FBB-8A1B-F98F73ADE3B9}
		{4DD95E52-C075-4CE3-B60E-EA6B4BE8C43B} = {4DD95E52-C075-4CE3-B60E-EA6B4BE8C43B}
		{0F0D0C6C-D83F-449D-9601-31EC3C75A4F6} = {0F0D0C6C-D83F-449D-9601-31EC3C75A4F6}
	EndProjectSection
EndProject
Project("{8BC9CEB8-8B4A-11D0-8D11-00A0C91BC942}") = "FileLoad", "FileLoad\FileLoad.vcproj", "{2E314873-BA58-4219-BC92-185AFAEF1CFB}"
	ProjectSection(ProjectDependencies) = postProject
		{3655E73B-D989-4FBB-8A1B-F98F73ADE3B9} = {3655E73B-D989-4FBB-8A1B-F98F73ADE3B9}
	EndProjectSection
EndProject
Project("{8BC9CEB8-8B4A-11D0-8D11-00A0C91BC942}") = "AmbPro", "AmbPro\AmbPro.vcproj", "{D3A584F8-08F0-45B5-B3FB-A9BB07C5102D}"
	ProjectSection(ProjectDependencies) = postProject
		{3655E73B-D989-4FBB-8A1B-F98F73ADE3B9} = {3655E73B-D989-4FBB-8A1B-F98F73ADE3B9}
	EndProjectSection
EndProject
Global
	GlobalSection(SolutionConfigurationPlatforms) = preSolution
		Debug|Win32 = Debug|Win32
		Release|Win32 = Release|Win32
	EndGlobalSection
	GlobalSection(ProjectConfigurationPlatforms) = postSolution
		{4DD95E52-C075-4CE3-B60E-EA6B4BE8C43B}.Debug|Win32.ActiveCfg = Debug|Win32
		{4DD95E52-C075-4CE3-B60E-EA6B4BE8C43B}.Debug|Win32.Build.0 = Debug|Win32
		{4DD95E52-C075-4CE3-B60E-EA6B4BE8C43B}.Release|Win32.ActiveCfg = Release|Win32
		{4DD95E52-C075-4CE3-B60E-EA6B4BE8C43B}.Release|Win32.Build.0 = Release|Win32
		{3655E73B-D989-4FBB-8A1B-F98F73ADE3B9}.Debug|Win32.ActiveCfg = Debug|Win32
		{3655E73B-D989-4FBB-8A1B-F98F73ADE3B9}.Debug|Win32.Build.0 = Debug|Win32
		{3655E73B-D989-4FBB-8A1B-F98F73ADE3B9}.Release|Win32.ActiveCfg = Release|Win32
		{3655E73B-D989-4FBB-8A1B-F98F73ADE3B9}.Release|Win32.Build.0 = Release|Win32
		{F1B43FD8-0B20-4AE3-8DF6-CFE36795DB09}.Debug|Win32.ActiveCfg = Debug|Win32
		{F1B43FD8-0B20-4AE3-8DF6-CFE36795DB09}.Debug|Win32.Build.0 = Debug|Win32
		{F1B43FD8-0B20-4AE3-8DF6-CFE36795DB09}.Release|Win32.ActiveCfg = Release|Win32
		{F1B43FD8-0B20-4AE3-8DF6-CFE36795DB09}.Release|Win32.Build.0 = Release|Win32
		{FAF5700C-87E5-4677-9419-1ACE3F2023E0}.Debug|Win32.ActiveCfg = Debug|Win32
		{FAF5700C-87E5-4677-9419-1ACE3F2023E0}.Debug|Win32.Build.0 = Debug|Win32
		{FAF5700C-87E5-4677-9419-1ACE3F2023E0}.Release|Win32.ActiveCfg = Release|Win32
		{FAF5700C-87E5-4677-9419-1ACE3F2023E0}.Release|Win32.Build.0 = Release|Win32
		{0F0D0C6C-D83F-449D-9601-31EC3C75A4F6}.Debug|Win32.ActiveCfg = Debug|Win32
		{0F0D0C6C-D83F-449D-9601-31EC3C75A4F6}.Debug|Win32.Build.0 = Debug|Win32
		{0F0D0C6C-D83F-449D-9601-31EC3C75A4F6}.Release|Win32.ActiveCfg = Release|Win32
		{0F0D0C6C-D83F-449D-9601-31EC3C75A4F6}.Release|Win32.Build.0 = Release|Win32
		{EC271770-BAE4-482E-9920-BAF1F28584EB}.Debug|Win32.ActiveCfg = Debug|Win32
		{EC271770-BAE4-482E-9920-BAF1F28584EB}.Debug|Win32.Build.0 = Debug|Win32
		{EC271770-BAE4-482E-9920-BAF1F28584EB}.Release|Win32.ActiveCfg = Release|Win32
		{EC271770-BAE4-482E-9920-BAF1F28584EB}.Release|Win32.Build.0 = Release|Win32
		{2E314873-BA58-4219-BC92-185AFAEF1CFB}.Debug|Win32.ActiveCfg = Debug|Win32
		{2E314873-BA58-4219-BC92-185AFAEF1CFB}.Debug|Win32.Build.0 = Debug|Win32
		{2E314873-BA58-4219-BC92-185AFAEF1CFB}.Release|Win32.ActiveCfg = Release|Win32
		{2E314873-BA58-4219-BC92-185AFAEF1CFB}.Release|Win32.Build.0 = Release|Win32
		{D3A584F8-08F0-45B5-B3FB-A9BB07C5102D}.Debug|Win32.ActiveCfg = Debug|Win32
		{D3A584F8-08F0-45B5-B3FB-A9BB07C5102D}.Debug|Win32.Build.0 = Debug|Win32
		{D3A584F8-08F0-45B5-B3FB-A9BB07C5102D}.Release|Win32.ActiveCfg = Release|Win32
		{D3A584F8-08F0-45B5-B3FB-A9BB07C5102D}.Release|Win32.Build.0 = Release|Win32
	EndGlobalSection
	GlobalSection(SolutionProperties) = preSolution
		HideSolutionNode = FALSE
	EndGlobalSection
EndGlobal
